
Microsoft Visual Studio Solution File, Format Version 12.00
# Visual Studio Version 17
VisualStudioVersion = 17.5.33414.496
MinimumVisualStudioVersion = 10.0.40219.1
Project("{9A19103F-16F7-4668-BE54-9A1E7A4F7556}") = "BulkyBookWeb", "BulkyBookWeb\BulkyBookWeb.csproj", "{FE35A463-B8B0-43D3-9AA6-58A4EDE5DE3C}"
EndProject
Project("{FAE04EC0-301F-11D3-BF4B-00C04F79EFBC}") = "BulkyBook.Models", "BulkyBook.Models\BulkyBook.Models.csproj", "{5DAB7F51-941B-4ABE-8223-DCF3FCB11249}"
EndProject
Project("{FAE04EC0-301F-11D3-BF4B-00C04F79EFBC}") = "BulkyBook.DataAccess", "BulkyBook.DataAccess\BulkyBook.DataAccess.csproj", "{C3CC7CA4-758E-4D30-A0E4-2F9D2B0348F6}"
EndProject
Global
	GlobalSection(SolutionConfigurationPlatforms) = preSolution
		Debug|Any CPU = Debug|Any CPU
		Release|Any CPU = Release|Any CPU
	EndGlobalSection
	GlobalSection(ProjectConfigurationPlatforms) = postSolution
		{FE35A463-B8B0-43D3-9AA6-58A4EDE5DE3C}.Debug|Any CPU.ActiveCfg = Debug|Any CPU
		{FE35A463-B8B0-43D3-9AA6-58A4EDE5DE3C}.Debug|Any CPU.Build.0 = Debug|Any CPU
		{FE35A463-B8B0-43D3-9AA6-58A4EDE5DE3C}.Release|Any CPU.ActiveCfg = Release|Any CPU
		{FE35A463-B8B0-43D3-9AA6-58A4EDE5DE3C}.Release|Any CPU.Build.0 = Release|Any CPU
		{5DAB7F51-941B-4ABE-8223-DCF3FCB11249}.Debug|Any CPU.ActiveCfg = Debug|Any CPU
		{5DAB7F51-941B-4ABE-8223-DCF3FCB11249}.Debug|Any CPU.Build.0 = Debug|Any CPU
		{5DAB7F51-941B-4ABE-8223-DCF3FCB11249}.Release|Any CPU.ActiveCfg = Release|Any CPU
		{5DAB7F51-941B-4ABE-8223-DCF3FCB11249}.Release|Any CPU.Build.0 = Release|Any CPU
		{C3CC7CA4-758E-4D30-A0E4-2F9D2B0348F6}.Debug|Any CPU.ActiveCfg = Debug|Any CPU
		{C3CC7CA4-758E-4D30-A0E4-2F9D2B0348F6}.Debug|Any CPU.Build.0 = Debug|Any CPU
		{C3CC7CA4-758E-4D30-A0E4-2F9D2B0348F6}.Release|Any CPU.ActiveCfg = Release|Any CPU
		{C3CC7CA4-758E-4D30-A0E4-2F9D2B0348F6}.Release|Any CPU.Build.0 = Release|Any CPU
	EndGlobalSection
	GlobalSection(SolutionProperties) = preSolution
		HideSolutionNode = FALSE
	EndGlobalSection
	GlobalSection(ExtensibilityGlobals) = postSolution
		SolutionGuid = {C09419A8-F44E-4F50-8976-8846991B7673}
	EndGlobalSection
EndGlobal
